// !$*UTF8*$!
{
	archiveVersion = 1;
	classes = {
	};
	objectVersion = 50;
	objects = {

/* Begin PBXBuildFile section */
		088D883ECEC248C0F840770E /* Pods_scooter_baby.framework in Frameworks */ = {isa = PBXBuildFile; fileRef = 570713B3ADFF8F55A22DA526 /* Pods_scooter_baby.framework */; };
		3A35A057228B3D1100448F32 /* ReactCommunicator.swift in Sources */ = {isa = PBXBuildFile; fileRef = 3A35A056228B3D1100448F32 /* ReactCommunicator.swift */; };
		3A35A05A228B3D9B00448F32 /* ReactCommunicator.m in Sources */ = {isa = PBXBuildFile; fileRef = 3A35A059228B3D9B00448F32 /* ReactCommunicator.m */; };
		3A4FF073228B487B00323331 /* CounterViewManager.swift in Sources */ = {isa = PBXBuildFile; fileRef = 3A4FF072228B487B00323331 /* CounterViewManager.swift */; };
		3A4FF075228B48E500323331 /* CounterViewManager.m in Sources */ = {isa = PBXBuildFile; fileRef = 3A4FF074228B48E500323331 /* CounterViewManager.m */; };
		3AF6050D228B1B460079EC29 /* AppDelegate.swift in Sources */ = {isa = PBXBuildFile; fileRef = 3AF6050C228B1B460079EC29 /* AppDelegate.swift */; };
		3AF6050F228B1B460079EC29 /* ViewController.swift in Sources */ = {isa = PBXBuildFile; fileRef = 3AF6050E228B1B460079EC29 /* ViewController.swift */; };
		3AF60512228B1B460079EC29 /* Main.storyboard in Resources */ = {isa = PBXBuildFile; fileRef = 3AF60510228B1B460079EC29 /* Main.storyboard */; };
		3AF60514228B1B470079EC29 /* Assets.xcassets in Resources */ = {isa = PBXBuildFile; fileRef = 3AF60513228B1B470079EC29 /* Assets.xcassets */; };
		3AF60517228B1B470079EC29 /* LaunchScreen.storyboard in Resources */ = {isa = PBXBuildFile; fileRef = 3AF60515228B1B470079EC29 /* LaunchScreen.storyboard */; };
/* End PBXBuildFile section */

/* Begin PBXFileReference section */
		3A35A056228B3D1100448F32 /* ReactCommunicator.swift */ = {isa = PBXFileReference; lastKnownFileType = sourcecode.swift; path = ReactCommunicator.swift; sourceTree = "<group>"; };
		3A35A058228B3D9B00448F32 /* scooter baby-Bridging-Header.h */ = {isa = PBXFileReference; lastKnownFileType = sourcecode.c.h; path = "scooter baby-Bridging-Header.h"; sourceTree = "<group>"; };
		3A35A059228B3D9B00448F32 /* ReactCommunicator.m */ = {isa = PBXFileReference; lastKnownFileType = sourcecode.c.objc; path = ReactCommunicator.m; sourceTree = "<group>"; };
		3A4FF072228B487B00323331 /* CounterViewManager.swift */ = {isa = PBXFileReference; lastKnownFileType = sourcecode.swift; path = CounterViewManager.swift; sourceTree = "<group>"; };
		3A4FF074228B48E500323331 /* CounterViewManager.m */ = {isa = PBXFileReference; lastKnownFileType = sourcecode.c.objc; path = CounterViewManager.m; sourceTree = "<group>"; };
		3AF60509228B1B460079EC29 /* scooter baby.app */ = {isa = PBXFileReference; explicitFileType = wrapper.application; includeInIndex = 0; path = "scooter baby.app"; sourceTree = BUILT_PRODUCTS_DIR; };
		3AF6050C228B1B460079EC29 /* AppDelegate.swift */ = {isa = PBXFileReference; lastKnownFileType = sourcecode.swift; path = AppDelegate.swift; sourceTree = "<group>"; };
		3AF6050E228B1B460079EC29 /* ViewController.swift */ = {isa = PBXFileReference; lastKnownFileType = sourcecode.swift; path = ViewController.swift; sourceTree = "<group>"; };
		3AF60511228B1B460079EC29 /* Base */ = {isa = PBXFileReference; lastKnownFileType = file.storyboard; name = Base; path = Base.lproj/Main.storyboard; sourceTree = "<group>"; };
		3AF60513228B1B470079EC29 /* Assets.xcassets */ = {isa = PBXFileReference; lastKnownFileType = folder.assetcatalog; path = Assets.xcassets; sourceTree = "<group>"; };
		3AF60516228B1B470079EC29 /* Base */ = {isa = PBXFileReference; lastKnownFileType = file.storyboard; name = Base; path = Base.lproj/LaunchScreen.storyboard; sourceTree = "<group>"; };
		3AF60518228B1B470079EC29 /* Info.plist */ = {isa = PBXFileReference; lastKnownFileType = text.plist.xml; path = Info.plist; sourceTree = "<group>"; };
		4A88D8F3379D09A13F65D686 /* Pods-scooter baby.debug.xcconfig */ = {isa = PBXFileReference; includeInIndex = 1; lastKnownFileType = text.xcconfig; name = "Pods-scooter baby.debug.xcconfig"; path = "Target Support Files/Pods-scooter baby/Pods-scooter baby.debug.xcconfig"; sourceTree = "<group>"; };
		570713B3ADFF8F55A22DA526 /* Pods_scooter_baby.framework */ = {isa = PBXFileReference; explicitFileType = wrapper.framework; includeInIndex = 0; path = Pods_scooter_baby.framework; sourceTree = BUILT_PRODUCTS_DIR; };
		650142E81347652F010AD979 /* Pods-scooter baby.release.xcconfig */ = {isa = PBXFileReference; includeInIndex = 1; lastKnownFileType = text.xcconfig; name = "Pods-scooter baby.release.xcconfig"; path = "Target Support Files/Pods-scooter baby/Pods-scooter baby.release.xcconfig"; sourceTree = "<group>"; };
/* End PBXFileReference section */

/* Begin PBXFrameworksBuildPhase section */
		3AF60506228B1B460079EC29 /* Frameworks */ = {
			isa = PBXFrameworksBuildPhase;
			buildActionMask = 2147483647;
			files = (
				088D883ECEC248C0F840770E /* Pods_scooter_baby.framework in Frameworks */,
			);
			runOnlyForDeploymentPostprocessing = 0;
		};
/* End PBXFrameworksBuildPhase section */

/* Begin PBXGroup section */
		3AF60500228B1B460079EC29 = {
			isa = PBXGroup;
			children = (
				3AF6050B228B1B460079EC29 /* scooter baby */,
				3AF6050A228B1B460079EC29 /* Products */,
				8DB07E3A0E4DAD3FF66AC9A7 /* Pods */,
				404256C33B93A267D23A7229 /* Frameworks */,
			);
			sourceTree = "<group>";
		};
		3AF6050A228B1B460079EC29 /* Products */ = {
			isa = PBXGroup;
			children = (
				3AF60509228B1B460079EC29 /* scooter baby.app */,
			);
			name = Products;
			sourceTree = "<group>";
		};
		3AF6050B228B1B460079EC29 /* scooter baby */ = {
			isa = PBXGroup;
			children = (
				3AF6050C228B1B460079EC29 /* AppDelegate.swift */,
				3AF6050E228B1B460079EC29 /* ViewController.swift */,
				3A35A056228B3D1100448F32 /* ReactCommunicator.swift */,
				3A35A059228B3D9B00448F32 /* ReactCommunicator.m */,
				3AF60510228B1B460079EC29 /* Main.storyboard */,
				3AF60513228B1B470079EC29 /* Assets.xcassets */,
				3AF60515228B1B470079EC29 /* LaunchScreen.storyboard */,
				3AF60518228B1B470079EC29 /* Info.plist */,
				3A35A058228B3D9B00448F32 /* scooter baby-Bridging-Header.h */,
				3A4FF072228B487B00323331 /* CounterViewManager.swift */,
				3A4FF074228B48E500323331 /* CounterViewManager.m */,
			);
			path = "scooter baby";
			sourceTree = "<group>";
		};
		404256C33B93A267D23A7229 /* Frameworks */ = {
			isa = PBXGroup;
			children = (
				570713B3ADFF8F55A22DA526 /* Pods_scooter_baby.framework */,
			);
			name = Frameworks;
			sourceTree = "<group>";
		};
		8DB07E3A0E4DAD3FF66AC9A7 /* Pods */ = {
			isa = PBXGroup;
			children = (
				4A88D8F3379D09A13F65D686 /* Pods-scooter baby.debug.xcconfig */,
				650142E81347652F010AD979 /* Pods-scooter baby.release.xcconfig */,
			);
			path = Pods;
			sourceTree = "<group>";
		};
/* End PBXGroup section */

/* Begin PBXNativeTarget section */
		3AF60508228B1B460079EC29 /* scooter baby */ = {
			isa = PBXNativeTarget;
			buildConfigurationList = 3AF6051B228B1B470079EC29 /* Build configuration list for PBXNativeTarget "scooter baby" */;
			buildPhases = (
				C257ADDA9CCE8A0DC761A037 /* [CP] Check Pods Manifest.lock */,
				3AF60505228B1B460079EC29 /* Sources */,
				3AF60506228B1B460079EC29 /* Frameworks */,
				3AF60507228B1B460079EC29 /* Resources */,
				144B116DB07C108B0C2C4763 /* [CP] Embed Pods Frameworks */,
			);
			buildRules = (
			);
			dependencies = (
			);
			name = "scooter baby";
			productName = "scooter baby";
			productReference = 3AF60509228B1B460079EC29 /* scooter baby.app */;
			productType = "com.apple.product-type.application";
		};
/* End PBXNativeTarget section */

/* Begin PBXProject section */
		3AF60501228B1B460079EC29 /* Project object */ = {
			isa = PBXProject;
			attributes = {
				LastSwiftUpdateCheck = 1020;
				LastUpgradeCheck = 1020;
				ORGANIZATIONNAME = "Tuan Nguyen Anh";
				TargetAttributes = {
					3AF60508228B1B460079EC29 = {
						CreatedOnToolsVersion = 10.2.1;
						LastSwiftMigration = 1020;
					};
				};
			};
			buildConfigurationList = 3AF60504228B1B460079EC29 /* Build configuration list for PBXProject "scooter baby" */;
			compatibilityVersion = "Xcode 9.3";
			developmentRegion = en;
			hasScannedForEncodings = 0;
			knownRegions = (
				en,
				Base,
			);
			mainGroup = 3AF60500228B1B460079EC29;
			productRefGroup = 3AF6050A228B1B460079EC29 /* Products */;
			projectDirPath = "";
			projectRoot = "";
			targets = (
				3AF60508228B1B460079EC29 /* scooter baby */,
			);
		};
/* End PBXProject section */

/* Begin PBXResourcesBuildPhase section */
		3AF60507228B1B460079EC29 /* Resources */ = {
			isa = PBXResourcesBuildPhase;
			buildActionMask = 2147483647;
			files = (
				3AF60517228B1B470079EC29 /* LaunchScreen.storyboard in Resources */,
				3AF60514228B1B470079EC29 /* Assets.xcassets in Resources */,
				3AF60512228B1B460079EC29 /* Main.storyboard in Resources */,
			);
			runOnlyForDeploymentPostprocessing = 0;
		};
/* End PBXResourcesBuildPhase section */

/* Begin PBXShellScriptBuildPhase section */
		144B116DB07C108B0C2C4763 /* [CP] Embed Pods Frameworks */ = {
			isa = PBXShellScriptBuildPhase;
			buildActionMask = 2147483647;
			files = (
			);
			inputFileListPaths = (
			);
			inputPaths = (
				"${PODS_ROOT}/Target Support Files/Pods-scooter baby/Pods-scooter baby-frameworks.sh",
				"${BUILT_PRODUCTS_DIR}/DoubleConversion/DoubleConversion.framework",
				"${BUILT_PRODUCTS_DIR}/Folly/folly.framework",
				"${BUILT_PRODUCTS_DIR}/RNGestureHandler/RNGestureHandler.framework",
				"${BUILT_PRODUCTS_DIR}/React/React.framework",
				"${BUILT_PRODUCTS_DIR}/ReactNativeNavigation/ReactNativeNavigation.framework",
				"${BUILT_PRODUCTS_DIR}/glog/glog.framework",
				"${BUILT_PRODUCTS_DIR}/yoga/yoga.framework",
			);
			name = "[CP] Embed Pods Frameworks";
			outputFileListPaths = (
			);
			outputPaths = (
				"${TARGET_BUILD_DIR}/${FRAMEWORKS_FOLDER_PATH}/DoubleConversion.framework",
				"${TARGET_BUILD_DIR}/${FRAMEWORKS_FOLDER_PATH}/folly.framework",
				"${TARGET_BUILD_DIR}/${FRAMEWORKS_FOLDER_PATH}/RNGestureHandler.framework",
				"${TARGET_BUILD_DIR}/${FRAMEWORKS_FOLDER_PATH}/React.framework",
				"${TARGET_BUILD_DIR}/${FRAMEWORKS_FOLDER_PATH}/ReactNativeNavigation.framework",
				"${TARGET_BUILD_DIR}/${FRAMEWORKS_FOLDER_PATH}/glog.framework",
				"${TARGET_BUILD_DIR}/${FRAMEWORKS_FOLDER_PATH}/yoga.framework",
			);
			runOnlyForDeploymentPostprocessing = 0;
			shellPath = /bin/sh;
			shellScript = "\"${PODS_ROOT}/Target Support Files/Pods-scooter baby/Pods-scooter baby-frameworks.sh\"\n";
			showEnvVarsInLog = 0;
		};
		C257ADDA9CCE8A0DC761A037 /* [CP] Check Pods Manifest.lock */ = {
			isa = PBXShellScriptBuildPhase;
			buildActionMask = 2147483647;
			files = (
			);
			inputFileListPaths = (
			);
			inputPaths = (
				"${PODS_PODFILE_DIR_PATH}/Podfile.lock",
				"${PODS_ROOT}/Manifest.lock",
			);
			name = "[CP] Check Pods Manifest.lock";
			outputFileListPaths = (
			);
			outputPaths = (
				"$(DERIVED_FILE_DIR)/Pods-scooter baby-checkManifestLockResult.txt",
			);
			runOnlyForDeploymentPostprocessing = 0;
			shellPath = /bin/sh;
			shellScript = "diff \"${PODS_PODFILE_DIR_PATH}/Podfile.lock\" \"${PODS_ROOT}/Manifest.lock\" > /dev/null\nif [ $? != 0 ] ; then\n    # print error to STDERR\n    echo \"error: The sandbox is not in sync with the Podfile.lock. Run 'pod install' or update your CocoaPods installation.\" >&2\n    exit 1\nfi\n# This output is used by Xcode 'outputs' to avoid re-running this script phase.\necho \"SUCCESS\" > \"${SCRIPT_OUTPUT_FILE_0}\"\n";
			showEnvVarsInLog = 0;
		};
/* End PBXShellScriptBuildPhase section */

/* Begin PBXSourcesBuildPhase section */
		3AF60505228B1B460079EC29 /* Sources */ = {
			isa = PBXSourcesBuildPhase;
			buildActionMask = 2147483647;
			files = (
				3AF6050F228B1B460079EC29 /* ViewController.swift in Sources */,
				3AF6050D228B1B460079EC29 /* AppDelegate.swift in Sources */,
				3A35A05A228B3D9B00448F32 /* ReactCommunicator.m in Sources */,
				3A35A057228B3D1100448F32 /* ReactCommunicator.swift in Sources */,
				3A4FF073228B487B00323331 /* CounterViewManager.swift in Sources */,
				3A4FF075228B48E500323331 /* CounterViewManager.m in Sources */,
			);
			runOnlyForDeploymentPostprocessing = 0;
		};
/* End PBXSourcesBuildPhase section */

/* Begin PBXVariantGroup section */
		3AF60510228B1B460079EC29 /* Main.storyboard */ = {
			isa = PBXVariantGroup;
			children = (
				3AF60511228B1B460079EC29 /* Base */,
			);
			name = Main.storyboard;
			sourceTree = "<group>";
		};
		3AF60515228B1B470079EC29 /* LaunchScreen.storyboard */ = {
			isa = PBXVariantGroup;
			children = (
				3AF60516228B1B470079EC29 /* Base */,
			);
			name = LaunchScreen.storyboard;
			sourceTree = "<group>";
		};
/* End PBXVariantGroup section */

/* Begin XCBuildConfiguration section */
		3AF60519228B1B470079EC29 /* Debug */ = {
			isa = XCBuildConfiguration;
			buildSettings = {
				ALWAYS_SEARCH_USER_PATHS = NO;
				CLANG_ANALYZER_NONNULL = YES;
				CLANG_ANALYZER_NUMBER_OBJECT_CONVERSION = YES_AGGRESSIVE;
				CLANG_CXX_LANGUAGE_STANDARD = "gnu++14";
				CLANG_CXX_LIBRARY = "libc++";
				CLANG_ENABLE_MODULES = YES;
				CLANG_ENABLE_OBJC_ARC = YES;
				CLANG_ENABLE_OBJC_WEAK = YES;
				CLANG_WARN_BLOCK_CAPTURE_AUTORELEASING = YES;
				CLANG_WARN_BOOL_CONVERSION = YES;
				CLANG_WARN_COMMA = YES;
				CLANG_WARN_CONSTANT_CONVERSION = YES;
				CLANG_WARN_DEPRECATED_OBJC_IMPLEMENTATIONS = YES;
				CLANG_WARN_DIRECT_OBJC_ISA_USAGE = YES_ERROR;
				CLANG_WARN_DOCUMENTATION_COMMENTS = YES;
				CLANG_WARN_EMPTY_BODY = YES;
				CLANG_WARN_ENUM_CONVERSION = YES;
				CLANG_WARN_INFINITE_RECURSION = YES;
				CLANG_WARN_INT_CONVERSION = YES;
				CLANG_WARN_NON_LITERAL_NULL_CONVERSION = YES;
				CLANG_WARN_OBJC_IMPLICIT_RETAIN_SELF = YES;
				CLANG_WARN_OBJC_LITERAL_CONVERSION = YES;
				CLANG_WARN_OBJC_ROOT_CLASS = YES_ERROR;
				CLANG_WARN_RANGE_LOOP_ANALYSIS = YES;
				CLANG_WARN_STRICT_PROTOTYPES = YES;
				CLANG_WARN_SUSPICIOUS_MOVE = YES;
				CLANG_WARN_UNGUARDED_AVAILABILITY = YES_AGGRESSIVE;
				CLANG_WARN_UNREACHABLE_CODE = YES;
				CLANG_WARN__DUPLICATE_METHOD_MATCH = YES;
				CODE_SIGN_IDENTITY = "iPhone Developer";
				COPY_PHASE_STRIP = NO;
				DEBUG_INFORMATION_FORMAT = dwarf;
				ENABLE_STRICT_OBJC_MSGSEND = YES;
				ENABLE_TESTABILITY = YES;
				GCC_C_LANGUAGE_STANDARD = gnu11;
				GCC_DYNAMIC_NO_PIC = NO;
				GCC_NO_COMMON_BLOCKS = YES;
				GCC_OPTIMIZATION_LEVEL = 0;
				GCC_PREPROCESSOR_DEFINITIONS = (
					"DEBUG=1",
					"$(inherited)",
				);
				GCC_WARN_64_TO_32_BIT_CONVERSION = YES;
				GCC_WARN_ABOUT_RETURN_TYPE = YES_ERROR;
				GCC_WARN_UNDECLARED_SELECTOR = YES;
				GCC_WARN_UNINITIALIZED_AUTOS = YES_AGGRESSIVE;
				GCC_WARN_UNUSED_FUNCTION = YES;
				GCC_WARN_UNUSED_VARIABLE = YES;
				IPHONEOS_DEPLOYMENT_TARGET = 12.2;
				MTL_ENABLE_DEBUG_INFO = INCLUDE_SOURCE;
				MTL_FAST_MATH = YES;
				ONLY_ACTIVE_ARCH = YES;
				SDKROOT = iphoneos;
				SWIFT_ACTIVE_COMPILATION_CONDITIONS = DEBUG;
				SWIFT_OPTIMIZATION_LEVEL = "-Onone";
			};
			name = Debug;
		};
		3AF6051A228B1B470079EC29 /* Release */ = {
			isa = XCBuildConfiguration;
			buildSettings = {
				ALWAYS_SEARCH_USER_PATHS = NO;
				CLANG_ANALYZER_NONNULL = YES;
				CLANG_ANALYZER_NUMBER_OBJECT_CONVERSION = YES_AGGRESSIVE;
				CLANG_CXX_LANGUAGE_STANDARD = "gnu++14";
				CLANG_CXX_LIBRARY = "libc++";
				CLANG_ENABLE_MODULES = YES;
				CLANG_ENABLE_OBJC_ARC = YES;
				CLANG_ENABLE_OBJC_WEAK = YES;
				CLANG_WARN_BLOCK_CAPTURE_AUTORELEASING = YES;
				CLANG_WARN_BOOL_CONVERSION = YES;
				CLANG_WARN_COMMA = YES;
				CLANG_WARN_CONSTANT_CONVERSION = YES;
				CLANG_WARN_DEPRECATED_OBJC_IMPLEMENTATIONS = YES;
				CLANG_WARN_DIRECT_OBJC_ISA_USAGE = YES_ERROR;
				CLANG_WARN_DOCUMENTATION_COMMENTS = YES;
				CLANG_WARN_EMPTY_BODY = YES;
				CLANG_WARN_ENUM_CONVERSION = YES;
				CLANG_WARN_INFINITE_RECURSION = YES;
				CLANG_WARN_INT_CONVERSION = YES;
				CLANG_WARN_NON_LITERAL_NULL_CONVERSION = YES;
				CLANG_WARN_OBJC_IMPLICIT_RETAIN_SELF = YES;
				CLANG_WARN_OBJC_LITERAL_CONVERSION = YES;
				CLANG_WARN_OBJC_ROOT_CLASS = YES_ERROR;
				CLANG_WARN_RANGE_LOOP_ANALYSIS = YES;
				CLANG_WARN_STRICT_PROTOTYPES = YES;
				CLANG_WARN_SUSPICIOUS_MOVE = YES;
				CLANG_WARN_UNGUARDED_AVAILABILITY = YES_AGGRESSIVE;
				CLANG_WARN_UNREACHABLE_CODE = YES;
				CLANG_WARN__DUPLICATE_METHOD_MATCH = YES;
				CODE_SIGN_IDENTITY = "iPhone Developer";
				COPY_PHASE_STRIP = NO;
				DEBUG_INFORMATION_FORMAT = "dwarf-with-dsym";
				ENABLE_NS_ASSERTIONS = NO;
				ENABLE_STRICT_OBJC_MSGSEND = YES;
				GCC_C_LANGUAGE_STANDARD = gnu11;
				GCC_NO_COMMON_BLOCKS = YES;
				GCC_WARN_64_TO_32_BIT_CONVERSION = YES;
				GCC_WARN_ABOUT_RETURN_TYPE = YES_ERROR;
				GCC_WARN_UNDECLARED_SELECTOR = YES;
				GCC_WARN_UNINITIALIZED_AUTOS = YES_AGGRESSIVE;
				GCC_WARN_UNUSED_FUNCTION = YES;
				GCC_WARN_UNUSED_VARIABLE = YES;
				IPHONEOS_DEPLOYMENT_TARGET = 12.2;
				MTL_ENABLE_DEBUG_INFO = NO;
				MTL_FAST_MATH = YES;
				SDKROOT = iphoneos;
				SWIFT_COMPILATION_MODE = wholemodule;
				SWIFT_OPTIMIZATION_LEVEL = "-O";
				VALIDATE_PRODUCT = YES;
			};
			name = Release;
		};
		3AF6051C228B1B470079EC29 /* Debug */ = {
			isa = XCBuildConfiguration;
			baseConfigurationReference = 4A88D8F3379D09A13F65D686 /* Pods-scooter baby.debug.xcconfig */;
			buildSettings = {
				ASSETCATALOG_COMPILER_APPICON_NAME = AppIcon;
				CLANG_ENABLE_MODULES = YES;
				CODE_SIGN_STYLE = Manual;
				DEVELOPMENT_TEAM = "";
				INFOPLIST_FILE = "scooter baby/Info.plist";
				LD_RUNPATH_SEARCH_PATHS = (
					"$(inherited)",
					"@executable_path/Frameworks",
				);
				PRODUCT_BUNDLE_IDENTIFIER = "vn.ctlab.scooter-baby";
				PRODUCT_NAME = "$(TARGET_NAME)";
				PROVISIONING_PROFILE_SPECIFIER = "";
				SWIFT_OBJC_BRIDGING_HEADER = "scooter baby/scooter baby-Bridging-Header.h";
				SWIFT_OPTIMIZATION_LEVEL = "-Onone";
				SWIFT_VERSION = 5.0;
				TARGETED_DEVICE_FAMILY = "1,2";
			};
			name = Debug;
		};
		3AF6051D228B1B470079EC29 /* Release */ = {
			isa = XCBuildConfiguration;
			baseConfigurationReference = 650142E81347652F010AD979 /* Pods-scooter baby.release.xcconfig */;
			buildSettings = {
				ASSETCATALOG_COMPILER_APPICON_NAME = AppIcon;
				CLANG_ENABLE_MODULES = YES;
				CODE_SIGN_STYLE = Manual;
				DEVELOPMENT_TEAM = "";
				INFOPLIST_FILE = "scooter baby/Info.plist";
				LD_RUNPATH_SEARCH_PATHS = (
					"$(inherited)",
					"@executable_path/Frameworks",
				);
				PRODUCT_BUNDLE_IDENTIFIER = "vn.ctlab.scooter-baby";
				PRODUCT_NAME = "$(TARGET_NAME)";
				PROVISIONING_PROFILE_SPECIFIER = "";
				SWIFT_OBJC_BRIDGING_HEADER = "scooter baby/scooter baby-Bridging-Header.h";
				SWIFT_VERSION = 5.0;
				TARGETED_DEVICE_FAMILY = "1,2";
			};
			name = Release;
		};
/* End XCBuildConfiguration section */

/* Begin XCConfigurationList section */
		3AF60504228B1B460079EC29 /* Build configuration list for PBXProject "scooter baby" */ = {
			isa = XCConfigurationList;
			buildConfigurations = (
				3AF60519228B1B470079EC29 /* Debug */,
				3AF6051A228B1B470079EC29 /* Release */,
			);
			defaultConfigurationIsVisible = 0;
			defaultConfigurationName = Release;
		};
		3AF6051B228B1B470079EC29 /* Build configuration list for PBXNativeTarget "scooter baby" */ = {
			isa = XCConfigurationList;
			buildConfigurations = (
				3AF6051C228B1B470079EC29 /* Debug */,
				3AF6051D228B1B470079EC29 /* Release */,
			);
			defaultConfigurationIsVisible = 0;
			defaultConfigurationName = Release;
		};
/* End XCConfigurationList section */
	};
	rootObject = 3AF60501228B1B460079EC29 /* Project object */;
}
